
Microsoft Visual Studio Solution File, Format Version 12.00
# Visual Studio Version 17
VisualStudioVersion = 17.10.35013.160
MinimumVisualStudioVersion = 10.0.40219.1
Project("{FAE04EC0-301F-11D3-BF4B-00C04F79EFBC}") = "WpfApp7", "WpfApp7\WpfApp7.csproj", "{FF534F70-ACDB-47C1-A5C7-88C46F5A64F6}"
EndProject
Global
	GlobalSection(SolutionConfigurationPlatforms) = preSolution
		Debug|Any CPU = Debug|Any CPU
		Release|Any CPU = Release|Any CPU
	EndGlobalSection
	GlobalSection(ProjectConfigurationPlatforms) = postSolution
		{FF534F70-ACDB-47C1-A5C7-88C46F5A64F6}.Debug|Any CPU.ActiveCfg = Debug|Any CPU
		{FF534F70-ACDB-47C1-A5C7-88C46F5A64F6}.Debug|Any CPU.Build.0 = Debug|Any CPU
		{FF534F70-ACDB-47C1-A5C7-88C46F5A64F6}.Release|Any CPU.ActiveCfg = Release|Any CPU
		{FF534F70-ACDB-47C1-A5C7-88C46F5A64F6}.Release|Any CPU.Build.0 = Release|Any CPU
	EndGlobalSection
	GlobalSection(SolutionProperties) = preSolution
		HideSolutionNode = FALSE
	EndGlobalSection
	GlobalSection(ExtensibilityGlobals) = postSolution
		SolutionGuid = {1DC25FCA-068C-4BF2-9557-14CF53DD65E4}
	EndGlobalSection
EndGlobal
